// !$*UTF8*$!
{
	archiveVersion = 1;
	classes = {
	};
	objectVersion = 50;
	objects = {

/* Begin PBXBuildFile section */
		3A8E8C87226A103B00CCC123 /* CollectionViewCell.swift in Sources */ = {isa = PBXBuildFile; fileRef = 3A8E8C86226A103B00CCC123 /* CollectionViewCell.swift */; };
		3AA9F98B2268828000A03EF4 /* AppDelegate.swift in Sources */ = {isa = PBXBuildFile; fileRef = 3AA9F98A2268828000A03EF4 /* AppDelegate.swift */; };
		3AA9F98D2268828000A03EF4 /* ViewController.swift in Sources */ = {isa = PBXBuildFile; fileRef = 3AA9F98C2268828000A03EF4 /* ViewController.swift */; };
		3AA9F9922268828100A03EF4 /* Assets.xcassets in Resources */ = {isa = PBXBuildFile; fileRef = 3AA9F9912268828100A03EF4 /* Assets.xcassets */; };
		3AA9F9952268828100A03EF4 /* LaunchScreen.storyboard in Resources */ = {isa = PBXBuildFile; fileRef = 3AA9F9932268828100A03EF4 /* LaunchScreen.storyboard */; };
		3AA9F99D226882BA00A03EF4 /* SieveOfEratosthenes.swift in Sources */ = {isa = PBXBuildFile; fileRef = 3AA9F99C226882BA00A03EF4 /* SieveOfEratosthenes.swift */; };
		3AA9F9A1226886DC00A03EF4 /* IView.swift in Sources */ = {isa = PBXBuildFile; fileRef = 3AA9F9A0226886DC00A03EF4 /* IView.swift */; };
		3AA9F9A32268881100A03EF4 /* Presenter.swift in Sources */ = {isa = PBXBuildFile; fileRef = 3AA9F9A22268881100A03EF4 /* Presenter.swift */; };
/* End PBXBuildFile section */

/* Begin PBXFileReference section */
		3A8E8C86226A103B00CCC123 /* CollectionViewCell.swift */ = {isa = PBXFileReference; lastKnownFileType = sourcecode.swift; path = CollectionViewCell.swift; sourceTree = "<group>"; };
		3AA9F9872268828000A03EF4 /* SieveOfEratosthenes.app */ = {isa = PBXFileReference; explicitFileType = wrapper.application; includeInIndex = 0; path = SieveOfEratosthenes.app; sourceTree = BUILT_PRODUCTS_DIR; };
		3AA9F98A2268828000A03EF4 /* AppDelegate.swift */ = {isa = PBXFileReference; lastKnownFileType = sourcecode.swift; path = AppDelegate.swift; sourceTree = "<group>"; };
		3AA9F98C2268828000A03EF4 /* ViewController.swift */ = {isa = PBXFileReference; lastKnownFileType = sourcecode.swift; path = ViewController.swift; sourceTree = "<group>"; };
		3AA9F9912268828100A03EF4 /* Assets.xcassets */ = {isa = PBXFileReference; lastKnownFileType = folder.assetcatalog; path = Assets.xcassets; sourceTree = "<group>"; };
		3AA9F9942268828100A03EF4 /* Base */ = {isa = PBXFileReference; lastKnownFileType = file.storyboard; name = Base; path = Base.lproj/LaunchScreen.storyboard; sourceTree = "<group>"; };
		3AA9F9962268828100A03EF4 /* Info.plist */ = {isa = PBXFileReference; lastKnownFileType = text.plist.xml; path = Info.plist; sourceTree = "<group>"; };
		3AA9F99C226882BA00A03EF4 /* SieveOfEratosthenes.swift */ = {isa = PBXFileReference; lastKnownFileType = sourcecode.swift; path = SieveOfEratosthenes.swift; sourceTree = "<group>"; };
		3AA9F9A0226886DC00A03EF4 /* IView.swift */ = {isa = PBXFileReference; lastKnownFileType = sourcecode.swift; path = IView.swift; sourceTree = "<group>"; };
		3AA9F9A22268881100A03EF4 /* Presenter.swift */ = {isa = PBXFileReference; lastKnownFileType = sourcecode.swift; path = Presenter.swift; sourceTree = "<group>"; };
/* End PBXFileReference section */

/* Begin PBXFrameworksBuildPhase section */
		3AA9F9842268828000A03EF4 /* Frameworks */ = {
			isa = PBXFrameworksBuildPhase;
			buildActionMask = 2147483647;
			files = (
			);
			runOnlyForDeploymentPostprocessing = 0;
		};
/* End PBXFrameworksBuildPhase section */

/* Begin PBXGroup section */
		3AA9F97E2268828000A03EF4 = {
			isa = PBXGroup;
			children = (
				3AA9F9892268828000A03EF4 /* SieveOfEratosthenes */,
				3AA9F9882268828000A03EF4 /* Products */,
			);
			sourceTree = "<group>";
		};
		3AA9F9882268828000A03EF4 /* Products */ = {
			isa = PBXGroup;
			children = (
				3AA9F9872268828000A03EF4 /* SieveOfEratosthenes.app */,
			);
			name = Products;
			sourceTree = "<group>";
		};
		3AA9F9892268828000A03EF4 /* SieveOfEratosthenes */ = {
			isa = PBXGroup;
			children = (
				3AA9F98C2268828000A03EF4 /* ViewController.swift */,
				3AA9F99C226882BA00A03EF4 /* SieveOfEratosthenes.swift */,
				3AA9F9A0226886DC00A03EF4 /* IView.swift */,
				3AA9F9A22268881100A03EF4 /* Presenter.swift */,
				3A8E8C86226A103B00CCC123 /* CollectionViewCell.swift */,
				3AA9F98A2268828000A03EF4 /* AppDelegate.swift */,
				3AA9F9A4226889E300A03EF4 /* Sources */,
			);
			path = SieveOfEratosthenes;
			sourceTree = "<group>";
		};
		3AA9F9A4226889E300A03EF4 /* Sources */ = {
			isa = PBXGroup;
			children = (
				3AA9F9932268828100A03EF4 /* LaunchScreen.storyboard */,
				3AA9F9962268828100A03EF4 /* Info.plist */,
				3AA9F9912268828100A03EF4 /* Assets.xcassets */,
			);
			path = Sources;
			sourceTree = "<group>";
		};
/* End PBXGroup section */

/* Begin PBXNativeTarget section */
		3AA9F9862268828000A03EF4 /* SieveOfEratosthenes */ = {
			isa = PBXNativeTarget;
			buildConfigurationList = 3AA9F9992268828100A03EF4 /* Build configuration list for PBXNativeTarget "SieveOfEratosthenes" */;
			buildPhases = (
				3AA9F9832268828000A03EF4 /* Sources */,
				3AA9F9842268828000A03EF4 /* Frameworks */,
				3AA9F9852268828000A03EF4 /* Resources */,
			);
			buildRules = (
			);
			dependencies = (
			);
			name = SieveOfEratosthenes;
			productName = SieveOfEratosthenes;
			productReference = 3AA9F9872268828000A03EF4 /* SieveOfEratosthenes.app */;
			productType = "com.apple.product-type.application";
		};
/* End PBXNativeTarget section */

/* Begin PBXProject section */
		3AA9F97F2268828000A03EF4 /* Project object */ = {
			isa = PBXProject;
			attributes = {
				LastSwiftUpdateCheck = 1020;
				LastUpgradeCheck = 1020;
				ORGANIZATIONNAME = Valeri;
				TargetAttributes = {
					3AA9F9862268828000A03EF4 = {
						CreatedOnToolsVersion = 10.2;
					};
				};
			};
			buildConfigurationList = 3AA9F9822268828000A03EF4 /* Build configuration list for PBXProject "SieveOfEratosthenes" */;
			compatibilityVersion = "Xcode 9.3";
			developmentRegion = en;
			hasScannedForEncodings = 0;
			knownRegions = (
				en,
				Base,
			);
			mainGroup = 3AA9F97E2268828000A03EF4;
			productRefGroup = 3AA9F9882268828000A03EF4 /* Products */;
			projectDirPath = "";
			projectRoot = "";
			targets = (
				3AA9F9862268828000A03EF4 /* SieveOfEratosthenes */,
			);
		};
/* End PBXProject section */

/* Begin PBXResourcesBuildPhase section */
		3AA9F9852268828000A03EF4 /* Resources */ = {
			isa = PBXResourcesBuildPhase;
			buildActionMask = 2147483647;
			files = (
				3AA9F9952268828100A03EF4 /* LaunchScreen.storyboard in Resources */,
				3AA9F9922268828100A03EF4 /* Assets.xcassets in Resources */,
			);
			runOnlyForDeploymentPostprocessing = 0;
		};
/* End PBXResourcesBuildPhase section */

/* Begin PBXSourcesBuildPhase section */
		3AA9F9832268828000A03EF4 /* Sources */ = {
			isa = PBXSourcesBuildPhase;
			buildActionMask = 2147483647;
			files = (
				3AA9F98D2268828000A03EF4 /* ViewController.swift in Sources */,
				3AA9F99D226882BA00A03EF4 /* SieveOfEratosthenes.swift in Sources */,
				3A8E8C87226A103B00CCC123 /* CollectionViewCell.swift in Sources */,
				3AA9F9A1226886DC00A03EF4 /* IView.swift in Sources */,
				3AA9F98B2268828000A03EF4 /* AppDelegate.swift in Sources */,
				3AA9F9A32268881100A03EF4 /* Presenter.swift in Sources */,
			);
			runOnlyForDeploymentPostprocessing = 0;
		};
/* End PBXSourcesBuildPhase section */

/* Begin PBXVariantGroup section */
		3AA9F9932268828100A03EF4 /* LaunchScreen.storyboard */ = {
			isa = PBXVariantGroup;
			children = (
				3AA9F9942268828100A03EF4 /* Base */,
			);
			name = LaunchScreen.storyboard;
			sourceTree = "<group>";
		};
/* End PBXVariantGroup section */

/* Begin XCBuildConfiguration section */
		3AA9F9972268828100A03EF4 /* Debug */ = {
			isa = XCBuildConfiguration;
			buildSettings = {
				ALWAYS_SEARCH_USER_PATHS = NO;
				CLANG_ANALYZER_NONNULL = YES;
				CLANG_ANALYZER_NUMBER_OBJECT_CONVERSION = YES_AGGRESSIVE;
				CLANG_CXX_LANGUAGE_STANDARD = "gnu++14";
				CLANG_CXX_LIBRARY = "libc++";
				CLANG_ENABLE_MODULES = YES;
				CLANG_ENABLE_OBJC_ARC = YES;
				CLANG_ENABLE_OBJC_WEAK = YES;
				CLANG_WARN_BLOCK_CAPTURE_AUTORELEASING = YES;
				CLANG_WARN_BOOL_CONVERSION = YES;
				CLANG_WARN_COMMA = YES;
				CLANG_WARN_CONSTANT_CONVERSION = YES;
				CLANG_WARN_DEPRECATED_OBJC_IMPLEMENTATIONS = YES;
				CLANG_WARN_DIRECT_OBJC_ISA_USAGE = YES_ERROR;
				CLANG_WARN_DOCUMENTATION_COMMENTS = YES;
				CLANG_WARN_EMPTY_BODY = YES;
				CLANG_WARN_ENUM_CONVERSION = YES;
				CLANG_WARN_INFINITE_RECURSION = YES;
				CLANG_WARN_INT_CONVERSION = YES;
				CLANG_WARN_NON_LITERAL_NULL_CONVERSION = YES;
				CLANG_WARN_OBJC_IMPLICIT_RETAIN_SELF = YES;
				CLANG_WARN_OBJC_LITERAL_CONVERSION = YES;
				CLANG_WARN_OBJC_ROOT_CLASS = YES_ERROR;
				CLANG_WARN_RANGE_LOOP_ANALYSIS = YES;
				CLANG_WARN_STRICT_PROTOTYPES = YES;
				CLANG_WARN_SUSPICIOUS_MOVE = YES;
				CLANG_WARN_UNGUARDED_AVAILABILITY = YES_AGGRESSIVE;
				CLANG_WARN_UNREACHABLE_CODE = YES;
				CLANG_WARN__DUPLICATE_METHOD_MATCH = YES;
				CODE_SIGN_IDENTITY = "iPhone Developer";
				COPY_PHASE_STRIP = NO;
				DEBUG_INFORMATION_FORMAT = dwarf;
				ENABLE_STRICT_OBJC_MSGSEND = YES;
				ENABLE_TESTABILITY = YES;
				GCC_C_LANGUAGE_STANDARD = gnu11;
				GCC_DYNAMIC_NO_PIC = NO;
				GCC_NO_COMMON_BLOCKS = YES;
				GCC_OPTIMIZATION_LEVEL = 0;
				GCC_PREPROCESSOR_DEFINITIONS = (
					"DEBUG=1",
					"$(inherited)",
				);
				GCC_WARN_64_TO_32_BIT_CONVERSION = YES;
				GCC_WARN_ABOUT_RETURN_TYPE = YES_ERROR;
				GCC_WARN_UNDECLARED_SELECTOR = YES;
				GCC_WARN_UNINITIALIZED_AUTOS = YES_AGGRESSIVE;
				GCC_WARN_UNUSED_FUNCTION = YES;
				GCC_WARN_UNUSED_VARIABLE = YES;
				IPHONEOS_DEPLOYMENT_TARGET = 12.2;
				MTL_ENABLE_DEBUG_INFO = INCLUDE_SOURCE;
				MTL_FAST_MATH = YES;
				ONLY_ACTIVE_ARCH = YES;
				SDKROOT = iphoneos;
				SWIFT_ACTIVE_COMPILATION_CONDITIONS = DEBUG;
				SWIFT_OPTIMIZATION_LEVEL = "-Onone";
			};
			name = Debug;
		};
		3AA9F9982268828100A03EF4 /* Release */ = {
			isa = XCBuildConfiguration;
			buildSettings = {
				ALWAYS_SEARCH_USER_PATHS = NO;
				CLANG_ANALYZER_NONNULL = YES;
				CLANG_ANALYZER_NUMBER_OBJECT_CONVERSION = YES_AGGRESSIVE;
				CLANG_CXX_LANGUAGE_STANDARD = "gnu++14";
				CLANG_CXX_LIBRARY = "libc++";
				CLANG_ENABLE_MODULES = YES;
				CLANG_ENABLE_OBJC_ARC = YES;
				CLANG_ENABLE_OBJC_WEAK = YES;
				CLANG_WARN_BLOCK_CAPTURE_AUTORELEASING = YES;
				CLANG_WARN_BOOL_CONVERSION = YES;
				CLANG_WARN_COMMA = YES;
				CLANG_WARN_CONSTANT_CONVERSION = YES;
				CLANG_WARN_DEPRECATED_OBJC_IMPLEMENTATIONS = YES;
				CLANG_WARN_DIRECT_OBJC_ISA_USAGE = YES_ERROR;
				CLANG_WARN_DOCUMENTATION_COMMENTS = YES;
				CLANG_WARN_EMPTY_BODY = YES;
				CLANG_WARN_ENUM_CONVERSION = YES;
				CLANG_WARN_INFINITE_RECURSION = YES;
				CLANG_WARN_INT_CONVERSION = YES;
				CLANG_WARN_NON_LITERAL_NULL_CONVERSION = YES;
				CLANG_WARN_OBJC_IMPLICIT_RETAIN_SELF = YES;
				CLANG_WARN_OBJC_LITERAL_CONVERSION = YES;
				CLANG_WARN_OBJC_ROOT_CLASS = YES_ERROR;
				CLANG_WARN_RANGE_LOOP_ANALYSIS = YES;
				CLANG_WARN_STRICT_PROTOTYPES = YES;
				CLANG_WARN_SUSPICIOUS_MOVE = YES;
				CLANG_WARN_UNGUARDED_AVAILABILITY = YES_AGGRESSIVE;
				CLANG_WARN_UNREACHABLE_CODE = YES;
				CLANG_WARN__DUPLICATE_METHOD_MATCH = YES;
				CODE_SIGN_IDENTITY = "iPhone Developer";
				COPY_PHASE_STRIP = NO;
				DEBUG_INFORMATION_FORMAT = "dwarf-with-dsym";
				ENABLE_NS_ASSERTIONS = NO;
				ENABLE_STRICT_OBJC_MSGSEND = YES;
				GCC_C_LANGUAGE_STANDARD = gnu11;
				GCC_NO_COMMON_BLOCKS = YES;
				GCC_WARN_64_TO_32_BIT_CONVERSION = YES;
				GCC_WARN_ABOUT_RETURN_TYPE = YES_ERROR;
				GCC_WARN_UNDECLARED_SELECTOR = YES;
				GCC_WARN_UNINITIALIZED_AUTOS = YES_AGGRESSIVE;
				GCC_WARN_UNUSED_FUNCTION = YES;
				GCC_WARN_UNUSED_VARIABLE = YES;
				IPHONEOS_DEPLOYMENT_TARGET = 12.2;
				MTL_ENABLE_DEBUG_INFO = NO;
				MTL_FAST_MATH = YES;
				SDKROOT = iphoneos;
				SWIFT_COMPILATION_MODE = wholemodule;
				SWIFT_OPTIMIZATION_LEVEL = "-O";
				VALIDATE_PRODUCT = YES;
			};
			name = Release;
		};
		3AA9F99A2268828100A03EF4 /* Debug */ = {
			isa = XCBuildConfiguration;
			buildSettings = {
				ASSETCATALOG_COMPILER_APPICON_NAME = AppIcon;
				CODE_SIGN_STYLE = Automatic;
				DEVELOPMENT_TEAM = 6942C8CT7J;
				INFOPLIST_FILE = "$(SRCROOT)/SieveOfEratosthenes/Sources/Info.plist";
				LD_RUNPATH_SEARCH_PATHS = (
					"$(inherited)",
					"@executable_path/Frameworks",
				);
				PRODUCT_BUNDLE_IDENTIFIER = valeri.SieveOfEratosthenes;
				PRODUCT_NAME = "$(TARGET_NAME)";
				SWIFT_VERSION = 5.0;
				TARGETED_DEVICE_FAMILY = "1,2";
			};
			name = Debug;
		};
		3AA9F99B2268828100A03EF4 /* Release */ = {
			isa = XCBuildConfiguration;
			buildSettings = {
				ASSETCATALOG_COMPILER_APPICON_NAME = AppIcon;
				CODE_SIGN_STYLE = Automatic;
				DEVELOPMENT_TEAM = 6942C8CT7J;
				INFOPLIST_FILE = "$(SRCROOT)/SieveOfEratosthenes/Sources/Info.plist";
				LD_RUNPATH_SEARCH_PATHS = (
					"$(inherited)",
					"@executable_path/Frameworks",
				);
				PRODUCT_BUNDLE_IDENTIFIER = valeri.SieveOfEratosthenes;
				PRODUCT_NAME = "$(TARGET_NAME)";
				SWIFT_VERSION = 5.0;
				TARGETED_DEVICE_FAMILY = "1,2";
			};
			name = Release;
		};
/* End XCBuildConfiguration section */

/* Begin XCConfigurationList section */
		3AA9F9822268828000A03EF4 /* Build configuration list for PBXProject "SieveOfEratosthenes" */ = {
			isa = XCConfigurationList;
			buildConfigurations = (
				3AA9F9972268828100A03EF4 /* Debug */,
				3AA9F9982268828100A03EF4 /* Release */,
			);
			defaultConfigurationIsVisible = 0;
			defaultConfigurationName = Release;
		};
		3AA9F9992268828100A03EF4 /* Build configuration list for PBXNativeTarget "SieveOfEratosthenes" */ = {
			isa = XCConfigurationList;
			buildConfigurations = (
				3AA9F99A2268828100A03EF4 /* Debug */,
				3AA9F99B2268828100A03EF4 /* Release */,
			);
			defaultConfigurationIsVisible = 0;
			defaultConfigurationName = Release;
		};
/* End XCConfigurationList section */
	};
	rootObject = 3AA9F97F2268828000A03EF4 /* Project object */;
}
